
Microsoft Visual Studio Solution File, Format Version 12.00
# Visual Studio Version 16
VisualStudioVersion = 16.0.32228.343
MinimumVisualStudioVersion = 10.0.40219.1
Project("{FAE04EC0-301F-11D3-BF4B-00C04F79EFBC}") = "GPbuS", "GPbuS\GPbuS.csproj", "{6176D895-159A-46E7-B218-E1853F5AC1D1}"
EndProject
Global
	GlobalSection(SolutionConfigurationPlatforms) = preSolution
		Debug|Any CPU = Debug|Any CPU
		Release|Any CPU = Release|Any CPU
	EndGlobalSection
	GlobalSection(ProjectConfigurationPlatforms) = postSolution
		{6176D895-159A-46E7-B218-E1853F5AC1D1}.Debug|Any CPU.ActiveCfg = Debug|Any CPU
		{6176D895-159A-46E7-B218-E1853F5AC1D1}.Debug|Any CPU.Build.0 = Debug|Any CPU
		{6176D895-159A-46E7-B218-E1853F5AC1D1}.Release|Any CPU.ActiveCfg = Release|Any CPU
		{6176D895-159A-46E7-B218-E1853F5AC1D1}.Release|Any CPU.Build.0 = Release|Any CPU
	EndGlobalSection
	GlobalSection(SolutionProperties) = preSolution
		HideSolutionNode = FALSE
	EndGlobalSection
	GlobalSection(ExtensibilityGlobals) = postSolution
		SolutionGuid = {05B820BD-467C-4B10-BD5C-D6B6EB2CC35B}
	EndGlobalSection
EndGlobal
